
Microsoft Visual Studio Solution File, Format Version 12.00
# Visual Studio Version 17
VisualStudioVersion = 17.6.33717.318
MinimumVisualStudioVersion = 10.0.40219.1
Project("{9A19103F-16F7-4668-BE54-9A1E7A4F7556}") = "BusinessObjects", "BusinessObjects\BusinessObjects.csproj", "{050A0E9D-CBCE-4DF0-9DC4-2F8F926E733F}"
EndProject
Project("{FAE04EC0-301F-11D3-BF4B-00C04F79EFBC}") = "DataAccess", "DataAccess\DataAccess.csproj", "{CD764452-679C-46D5-9C72-139540903893}"
EndProject
Project("{FAE04EC0-301F-11D3-BF4B-00C04F79EFBC}") = "Repository", "Repository\Repository.csproj", "{110E81AF-5831-4DBF-9B92-5DAB4BEC40F1}"
EndProject
Project("{FAE04EC0-301F-11D3-BF4B-00C04F79EFBC}") = "FlowerBouquetWebAPI", "FlowerBouquetWebAPI\FlowerBouquetWebAPI.csproj", "{4A186C8B-7E41-4013-B82F-A6386429001E}"
EndProject
Project("{FAE04EC0-301F-11D3-BF4B-00C04F79EFBC}") = "FlowerBouquetWebClient", "FlowerBouquetWebClient\FlowerBouquetWebClient.csproj", "{85CEAAE1-E346-4494-92EE-88ED1337669F}"
EndProject
Global
	GlobalSection(SolutionConfigurationPlatforms) = preSolution
		Debug|Any CPU = Debug|Any CPU
		Release|Any CPU = Release|Any CPU
	EndGlobalSection
	GlobalSection(ProjectConfigurationPlatforms) = postSolution
		{050A0E9D-CBCE-4DF0-9DC4-2F8F926E733F}.Debug|Any CPU.ActiveCfg = Debug|Any CPU
		{050A0E9D-CBCE-4DF0-9DC4-2F8F926E733F}.Debug|Any CPU.Build.0 = Debug|Any CPU
		{050A0E9D-CBCE-4DF0-9DC4-2F8F926E733F}.Release|Any CPU.ActiveCfg = Release|Any CPU
		{050A0E9D-CBCE-4DF0-9DC4-2F8F926E733F}.Release|Any CPU.Build.0 = Release|Any CPU
		{CD764452-679C-46D5-9C72-139540903893}.Debug|Any CPU.ActiveCfg = Debug|Any CPU
		{CD764452-679C-46D5-9C72-139540903893}.Debug|Any CPU.Build.0 = Debug|Any CPU
		{CD764452-679C-46D5-9C72-139540903893}.Release|Any CPU.ActiveCfg = Release|Any CPU
		{CD764452-679C-46D5-9C72-139540903893}.Release|Any CPU.Build.0 = Release|Any CPU
		{110E81AF-5831-4DBF-9B92-5DAB4BEC40F1}.Debug|Any CPU.ActiveCfg = Debug|Any CPU
		{110E81AF-5831-4DBF-9B92-5DAB4BEC40F1}.Debug|Any CPU.Build.0 = Debug|Any CPU
		{110E81AF-5831-4DBF-9B92-5DAB4BEC40F1}.Release|Any CPU.ActiveCfg = Release|Any CPU
		{110E81AF-5831-4DBF-9B92-5DAB4BEC40F1}.Release|Any CPU.Build.0 = Release|Any CPU
		{4A186C8B-7E41-4013-B82F-A6386429001E}.Debug|Any CPU.ActiveCfg = Debug|Any CPU
		{4A186C8B-7E41-4013-B82F-A6386429001E}.Debug|Any CPU.Build.0 = Debug|Any CPU
		{4A186C8B-7E41-4013-B82F-A6386429001E}.Release|Any CPU.ActiveCfg = Release|Any CPU
		{4A186C8B-7E41-4013-B82F-A6386429001E}.Release|Any CPU.Build.0 = Release|Any CPU
		{85CEAAE1-E346-4494-92EE-88ED1337669F}.Debug|Any CPU.ActiveCfg = Debug|Any CPU
		{85CEAAE1-E346-4494-92EE-88ED1337669F}.Debug|Any CPU.Build.0 = Debug|Any CPU
		{85CEAAE1-E346-4494-92EE-88ED1337669F}.Release|Any CPU.ActiveCfg = Release|Any CPU
		{85CEAAE1-E346-4494-92EE-88ED1337669F}.Release|Any CPU.Build.0 = Release|Any CPU
	EndGlobalSection
	GlobalSection(SolutionProperties) = preSolution
		HideSolutionNode = FALSE
	EndGlobalSection
	GlobalSection(ExtensibilityGlobals) = postSolution
		SolutionGuid = {406A9492-1E80-49A6-B468-305CA2531E84}
	EndGlobalSection
EndGlobal
